
Microsoft Visual Studio Solution File, Format Version 12.00
# Visual Studio Version 17
VisualStudioVersion = 17.10.35122.118
MinimumVisualStudioVersion = 10.0.40219.1
Project("{9A19103F-16F7-4668-BE54-9A1E7A4F7556}") = "InteractiveAtlas", "InteractiveAtlas\InteractiveAtlas.csproj", "{3B1CEFA4-EDAC-406D-8B80-17951F62A514}"
EndProject
Project("{9A19103F-16F7-4668-BE54-9A1E7A4F7556}") = "InteractiveAtlas.Domain", "InteractiveAtlas.Domain\InteractiveAtlas.Domain.csproj", "{46A0A792-EA57-45CC-9A57-E52FAA0AAE5B}"
EndProject
Project("{9A19103F-16F7-4668-BE54-9A1E7A4F7556}") = "InteractiveAtlas.Infrastucture", "InteractiveAtlas.Infrastucture\InteractiveAtlas.Infrastucture.csproj", "{AE695C11-BC6E-4F2A-BA79-6D3268CB9D06}"
EndProject
Global
	GlobalSection(SolutionConfigurationPlatforms) = preSolution
		Debug|Any CPU = Debug|Any CPU
		Release|Any CPU = Release|Any CPU
	EndGlobalSection
	GlobalSection(ProjectConfigurationPlatforms) = postSolution
		{3B1CEFA4-EDAC-406D-8B80-17951F62A514}.Debug|Any CPU.ActiveCfg = Debug|Any CPU
		{3B1CEFA4-EDAC-406D-8B80-17951F62A514}.Debug|Any CPU.Build.0 = Debug|Any CPU
		{3B1CEFA4-EDAC-406D-8B80-17951F62A514}.Release|Any CPU.ActiveCfg = Release|Any CPU
		{3B1CEFA4-EDAC-406D-8B80-17951F62A514}.Release|Any CPU.Build.0 = Release|Any CPU
		{46A0A792-EA57-45CC-9A57-E52FAA0AAE5B}.Debug|Any CPU.ActiveCfg = Debug|Any CPU
		{46A0A792-EA57-45CC-9A57-E52FAA0AAE5B}.Debug|Any CPU.Build.0 = Debug|Any CPU
		{46A0A792-EA57-45CC-9A57-E52FAA0AAE5B}.Release|Any CPU.ActiveCfg = Release|Any CPU
		{46A0A792-EA57-45CC-9A57-E52FAA0AAE5B}.Release|Any CPU.Build.0 = Release|Any CPU
		{AE695C11-BC6E-4F2A-BA79-6D3268CB9D06}.Debug|Any CPU.ActiveCfg = Debug|Any CPU
		{AE695C11-BC6E-4F2A-BA79-6D3268CB9D06}.Debug|Any CPU.Build.0 = Debug|Any CPU
		{AE695C11-BC6E-4F2A-BA79-6D3268CB9D06}.Release|Any CPU.ActiveCfg = Release|Any CPU
		{AE695C11-BC6E-4F2A-BA79-6D3268CB9D06}.Release|Any CPU.Build.0 = Release|Any CPU
	EndGlobalSection
	GlobalSection(SolutionProperties) = preSolution
		HideSolutionNode = FALSE
	EndGlobalSection
	GlobalSection(ExtensibilityGlobals) = postSolution
		SolutionGuid = {DD4E31D3-78BB-4217-A2AF-6E69EF8F6708}
	EndGlobalSection
EndGlobal
